
Microsoft Visual Studio Solution File, Format Version 12.00
# Visual Studio Version 17
VisualStudioVersion = 17.13.35931.197 d17.13
MinimumVisualStudioVersion = 10.0.40219.1
Project("{FAE04EC0-301F-11D3-BF4B-00C04F79EFBC}") = "FlutterAuthAPI", "FlutterAuthAPI\FlutterAuthAPI.csproj", "{2511BBCF-7F4C-4383-AB28-2942F37D175E}"
EndProject
Global
	GlobalSection(SolutionConfigurationPlatforms) = preSolution
		Debug|Any CPU = Debug|Any CPU
		Release|Any CPU = Release|Any CPU
	EndGlobalSection
	GlobalSection(ProjectConfigurationPlatforms) = postSolution
		{2511BBCF-7F4C-4383-AB28-2942F37D175E}.Debug|Any CPU.ActiveCfg = Debug|Any CPU
		{2511BBCF-7F4C-4383-AB28-2942F37D175E}.Debug|Any CPU.Build.0 = Debug|Any CPU
		{2511BBCF-7F4C-4383-AB28-2942F37D175E}.Release|Any CPU.ActiveCfg = Release|Any CPU
		{2511BBCF-7F4C-4383-AB28-2942F37D175E}.Release|Any CPU.Build.0 = Release|Any CPU
	EndGlobalSection
	GlobalSection(SolutionProperties) = preSolution
		HideSolutionNode = FALSE
	EndGlobalSection
	GlobalSection(ExtensibilityGlobals) = postSolution
		SolutionGuid = {FF81E179-C51E-4F0F-82CC-3E457A327E8E}
	EndGlobalSection
EndGlobal
